
Microsoft Visual Studio Solution File, Format Version 12.00
# Visual Studio Version 17
VisualStudioVersion = 17.13.35913.81 d17.13
MinimumVisualStudioVersion = 10.0.40219.1
Project("{FAE04EC0-301F-11D3-BF4B-00C04F79EFBC}") = "JegorowordleHeroes", "JegorowordleHeroes\JegorowordleHeroes.csproj", "{DD104300-A4B9-478D-8EA7-D217502F363D}"
EndProject
Global
	GlobalSection(SolutionConfigurationPlatforms) = preSolution
		Debug|Any CPU = Debug|Any CPU
		Release|Any CPU = Release|Any CPU
	EndGlobalSection
	GlobalSection(ProjectConfigurationPlatforms) = postSolution
		{DD104300-A4B9-478D-8EA7-D217502F363D}.Debug|Any CPU.ActiveCfg = Debug|Any CPU
		{DD104300-A4B9-478D-8EA7-D217502F363D}.Debug|Any CPU.Build.0 = Debug|Any CPU
		{DD104300-A4B9-478D-8EA7-D217502F363D}.Release|Any CPU.ActiveCfg = Release|Any CPU
		{DD104300-A4B9-478D-8EA7-D217502F363D}.Release|Any CPU.Build.0 = Release|Any CPU
	EndGlobalSection
	GlobalSection(SolutionProperties) = preSolution
		HideSolutionNode = FALSE
	EndGlobalSection
	GlobalSection(ExtensibilityGlobals) = postSolution
		SolutionGuid = {DD8238AB-B609-4361-8028-1C02F444F905}
	EndGlobalSection
EndGlobal
